// !$*UTF8*$!
{
	archiveVersion = 1;
	classes = {
	};
	objectVersion = 56;
	objects = {

/* Begin PBXBuildFile section */
		7BDABB1F2986E72B00D35658 /* OTPTextFieldApp.swift in Sources */ = {isa = PBXBuildFile; fileRef = 7BDABB1E2986E72B00D35658 /* OTPTextFieldApp.swift */; };
		7BDABB212986E72B00D35658 /* ContentView.swift in Sources */ = {isa = PBXBuildFile; fileRef = 7BDABB202986E72B00D35658 /* ContentView.swift */; };
		7BDABB232986E72E00D35658 /* Assets.xcassets in Resources */ = {isa = PBXBuildFile; fileRef = 7BDABB222986E72E00D35658 /* Assets.xcassets */; };
		7BDABB262986E72E00D35658 /* Preview Assets.xcassets in Resources */ = {isa = PBXBuildFile; fileRef = 7BDABB252986E72E00D35658 /* Preview Assets.xcassets */; };
		7BDABB282986E72E00D35658 /* Persistence.swift in Sources */ = {isa = PBXBuildFile; fileRef = 7BDABB272986E72E00D35658 /* Persistence.swift */; };
		7BDABB2B2986E72E00D35658 /* OTPTextField.xcdatamodeld in Sources */ = {isa = PBXBuildFile; fileRef = 7BDABB292986E72E00D35658 /* OTPTextField.xcdatamodeld */; };
		7BDABB352986E72E00D35658 /* OTPTextFieldTests.swift in Sources */ = {isa = PBXBuildFile; fileRef = 7BDABB342986E72E00D35658 /* OTPTextFieldTests.swift */; };
		7BDABB3F2986E72E00D35658 /* OTPTextFieldUITests.swift in Sources */ = {isa = PBXBuildFile; fileRef = 7BDABB3E2986E72E00D35658 /* OTPTextFieldUITests.swift */; };
		7BDABB412986E72E00D35658 /* OTPTextFieldUITestsLaunchTests.swift in Sources */ = {isa = PBXBuildFile; fileRef = 7BDABB402986E72E00D35658 /* OTPTextFieldUITestsLaunchTests.swift */; };
		7BDABB4F2986E77F00D35658 /* OTPVerificationView.swift in Sources */ = {isa = PBXBuildFile; fileRef = 7BDABB4E2986E77F00D35658 /* OTPVerificationView.swift */; };
/* End PBXBuildFile section */

/* Begin PBXContainerItemProxy section */
		7BDABB312986E72E00D35658 /* PBXContainerItemProxy */ = {
			isa = PBXContainerItemProxy;
			containerPortal = 7BDABB132986E72B00D35658 /* Project object */;
			proxyType = 1;
			remoteGlobalIDString = 7BDABB1A2986E72B00D35658;
			remoteInfo = OTPTextField;
		};
		7BDABB3B2986E72E00D35658 /* PBXContainerItemProxy */ = {
			isa = PBXContainerItemProxy;
			containerPortal = 7BDABB132986E72B00D35658 /* Project object */;
			proxyType = 1;
			remoteGlobalIDString = 7BDABB1A2986E72B00D35658;
			remoteInfo = OTPTextField;
		};
/* End PBXContainerItemProxy section */

/* Begin PBXFileReference section */
		7BDABB1B2986E72B00D35658 /* OTPTextField.app */ = {isa = PBXFileReference; explicitFileType = wrapper.application; includeInIndex = 0; path = OTPTextField.app; sourceTree = BUILT_PRODUCTS_DIR; };
		7BDABB1E2986E72B00D35658 /* OTPTextFieldApp.swift */ = {isa = PBXFileReference; lastKnownFileType = sourcecode.swift; path = OTPTextFieldApp.swift; sourceTree = "<group>"; };
		7BDABB202986E72B00D35658 /* ContentView.swift */ = {isa = PBXFileReference; lastKnownFileType = sourcecode.swift; path = ContentView.swift; sourceTree = "<group>"; };
		7BDABB222986E72E00D35658 /* Assets.xcassets */ = {isa = PBXFileReference; lastKnownFileType = folder.assetcatalog; path = Assets.xcassets; sourceTree = "<group>"; };
		7BDABB252986E72E00D35658 /* Preview Assets.xcassets */ = {isa = PBXFileReference; lastKnownFileType = folder.assetcatalog; path = "Preview Assets.xcassets"; sourceTree = "<group>"; };
		7BDABB272986E72E00D35658 /* Persistence.swift */ = {isa = PBXFileReference; lastKnownFileType = sourcecode.swift; path = Persistence.swift; sourceTree = "<group>"; };
		7BDABB2A2986E72E00D35658 /* OTPTextField.xcdatamodel */ = {isa = PBXFileReference; lastKnownFileType = wrapper.xcdatamodel; path = OTPTextField.xcdatamodel; sourceTree = "<group>"; };
		7BDABB302986E72E00D35658 /* OTPTextFieldTests.xctest */ = {isa = PBXFileReference; explicitFileType = wrapper.cfbundle; includeInIndex = 0; path = OTPTextFieldTests.xctest; sourceTree = BUILT_PRODUCTS_DIR; };
		7BDABB342986E72E00D35658 /* OTPTextFieldTests.swift */ = {isa = PBXFileReference; lastKnownFileType = sourcecode.swift; path = OTPTextFieldTests.swift; sourceTree = "<group>"; };
		7BDABB3A2986E72E00D35658 /* OTPTextFieldUITests.xctest */ = {isa = PBXFileReference; explicitFileType = wrapper.cfbundle; includeInIndex = 0; path = OTPTextFieldUITests.xctest; sourceTree = BUILT_PRODUCTS_DIR; };
		7BDABB3E2986E72E00D35658 /* OTPTextFieldUITests.swift */ = {isa = PBXFileReference; lastKnownFileType = sourcecode.swift; path = OTPTextFieldUITests.swift; sourceTree = "<group>"; };
		7BDABB402986E72E00D35658 /* OTPTextFieldUITestsLaunchTests.swift */ = {isa = PBXFileReference; lastKnownFileType = sourcecode.swift; path = OTPTextFieldUITestsLaunchTests.swift; sourceTree = "<group>"; };
		7BDABB4E2986E77F00D35658 /* OTPVerificationView.swift */ = {isa = PBXFileReference; lastKnownFileType = sourcecode.swift; path = OTPVerificationView.swift; sourceTree = "<group>"; };
/* End PBXFileReference section */

/* Begin PBXFrameworksBuildPhase section */
		7BDABB182986E72B00D35658 /* Frameworks */ = {
			isa = PBXFrameworksBuildPhase;
			buildActionMask = 2147483647;
			files = (
			);
			runOnlyForDeploymentPostprocessing = 0;
		};
		7BDABB2D2986E72E00D35658 /* Frameworks */ = {
			isa = PBXFrameworksBuildPhase;
			buildActionMask = 2147483647;
			files = (
			);
			runOnlyForDeploymentPostprocessing = 0;
		};
		7BDABB372986E72E00D35658 /* Frameworks */ = {
			isa = PBXFrameworksBuildPhase;
			buildActionMask = 2147483647;
			files = (
			);
			runOnlyForDeploymentPostprocessing = 0;
		};
/* End PBXFrameworksBuildPhase section */

/* Begin PBXGroup section */
		7BDABB122986E72B00D35658 = {
			isa = PBXGroup;
			children = (
				7BDABB1D2986E72B00D35658 /* OTPTextField */,
				7BDABB332986E72E00D35658 /* OTPTextFieldTests */,
				7BDABB3D2986E72E00D35658 /* OTPTextFieldUITests */,
				7BDABB1C2986E72B00D35658 /* Products */,
			);
			sourceTree = "<group>";
		};
		7BDABB1C2986E72B00D35658 /* Products */ = {
			isa = PBXGroup;
			children = (
				7BDABB1B2986E72B00D35658 /* OTPTextField.app */,
				7BDABB302986E72E00D35658 /* OTPTextFieldTests.xctest */,
				7BDABB3A2986E72E00D35658 /* OTPTextFieldUITests.xctest */,
			);
			name = Products;
			sourceTree = "<group>";
		};
		7BDABB1D2986E72B00D35658 /* OTPTextField */ = {
			isa = PBXGroup;
			children = (
				7BDABB4D2986E74300D35658 /* View */,
				7BDABB1E2986E72B00D35658 /* OTPTextFieldApp.swift */,
				7BDABB202986E72B00D35658 /* ContentView.swift */,
				7BDABB222986E72E00D35658 /* Assets.xcassets */,
				7BDABB272986E72E00D35658 /* Persistence.swift */,
				7BDABB292986E72E00D35658 /* OTPTextField.xcdatamodeld */,
				7BDABB242986E72E00D35658 /* Preview Content */,
			);
			path = OTPTextField;
			sourceTree = "<group>";
		};
		7BDABB242986E72E00D35658 /* Preview Content */ = {
			isa = PBXGroup;
			children = (
				7BDABB252986E72E00D35658 /* Preview Assets.xcassets */,
			);
			path = "Preview Content";
			sourceTree = "<group>";
		};
		7BDABB332986E72E00D35658 /* OTPTextFieldTests */ = {
			isa = PBXGroup;
			children = (
				7BDABB342986E72E00D35658 /* OTPTextFieldTests.swift */,
			);
			path = OTPTextFieldTests;
			sourceTree = "<group>";
		};
		7BDABB3D2986E72E00D35658 /* OTPTextFieldUITests */ = {
			isa = PBXGroup;
			children = (
				7BDABB3E2986E72E00D35658 /* OTPTextFieldUITests.swift */,
				7BDABB402986E72E00D35658 /* OTPTextFieldUITestsLaunchTests.swift */,
			);
			path = OTPTextFieldUITests;
			sourceTree = "<group>";
		};
		7BDABB4D2986E74300D35658 /* View */ = {
			isa = PBXGroup;
			children = (
				7BDABB4E2986E77F00D35658 /* OTPVerificationView.swift */,
			);
			path = View;
			sourceTree = "<group>";
		};
/* End PBXGroup section */

/* Begin PBXNativeTarget section */
		7BDABB1A2986E72B00D35658 /* OTPTextField */ = {
			isa = PBXNativeTarget;
			buildConfigurationList = 7BDABB442986E72E00D35658 /* Build configuration list for PBXNativeTarget "OTPTextField" */;
			buildPhases = (
				7BDABB172986E72B00D35658 /* Sources */,
				7BDABB182986E72B00D35658 /* Frameworks */,
				7BDABB192986E72B00D35658 /* Resources */,
			);
			buildRules = (
			);
			dependencies = (
			);
			name = OTPTextField;
			productName = OTPTextField;
			productReference = 7BDABB1B2986E72B00D35658 /* OTPTextField.app */;
			productType = "com.apple.product-type.application";
		};
		7BDABB2F2986E72E00D35658 /* OTPTextFieldTests */ = {
			isa = PBXNativeTarget;
			buildConfigurationList = 7BDABB472986E72E00D35658 /* Build configuration list for PBXNativeTarget "OTPTextFieldTests" */;
			buildPhases = (
				7BDABB2C2986E72E00D35658 /* Sources */,
				7BDABB2D2986E72E00D35658 /* Frameworks */,
				7BDABB2E2986E72E00D35658 /* Resources */,
			);
			buildRules = (
			);
			dependencies = (
				7BDABB322986E72E00D35658 /* PBXTargetDependency */,
			);
			name = OTPTextFieldTests;
			productName = OTPTextFieldTests;
			productReference = 7BDABB302986E72E00D35658 /* OTPTextFieldTests.xctest */;
			productType = "com.apple.product-type.bundle.unit-test";
		};
		7BDABB392986E72E00D35658 /* OTPTextFieldUITests */ = {
			isa = PBXNativeTarget;
			buildConfigurationList = 7BDABB4A2986E72E00D35658 /* Build configuration list for PBXNativeTarget "OTPTextFieldUITests" */;
			buildPhases = (
				7BDABB362986E72E00D35658 /* Sources */,
				7BDABB372986E72E00D35658 /* Frameworks */,
				7BDABB382986E72E00D35658 /* Resources */,
			);
			buildRules = (
			);
			dependencies = (
				7BDABB3C2986E72E00D35658 /* PBXTargetDependency */,
			);
			name = OTPTextFieldUITests;
			productName = OTPTextFieldUITests;
			productReference = 7BDABB3A2986E72E00D35658 /* OTPTextFieldUITests.xctest */;
			productType = "com.apple.product-type.bundle.ui-testing";
		};
/* End PBXNativeTarget section */

/* Begin PBXProject section */
		7BDABB132986E72B00D35658 /* Project object */ = {
			isa = PBXProject;
			attributes = {
				BuildIndependentTargetsInParallel = 1;
				LastSwiftUpdateCheck = 1420;
				LastUpgradeCheck = 1420;
				TargetAttributes = {
					7BDABB1A2986E72B00D35658 = {
						CreatedOnToolsVersion = 14.2;
					};
					7BDABB2F2986E72E00D35658 = {
						CreatedOnToolsVersion = 14.2;
						TestTargetID = 7BDABB1A2986E72B00D35658;
					};
					7BDABB392986E72E00D35658 = {
						CreatedOnToolsVersion = 14.2;
						TestTargetID = 7BDABB1A2986E72B00D35658;
					};
				};
			};
			buildConfigurationList = 7BDABB162986E72B00D35658 /* Build configuration list for PBXProject "OTPTextField" */;
			compatibilityVersion = "Xcode 14.0";
			developmentRegion = en;
			hasScannedForEncodings = 0;
			knownRegions = (
				en,
				Base,
			);
			mainGroup = 7BDABB122986E72B00D35658;
			productRefGroup = 7BDABB1C2986E72B00D35658 /* Products */;
			projectDirPath = "";
			projectRoot = "";
			targets = (
				7BDABB1A2986E72B00D35658 /* OTPTextField */,
				7BDABB2F2986E72E00D35658 /* OTPTextFieldTests */,
				7BDABB392986E72E00D35658 /* OTPTextFieldUITests */,
			);
		};
/* End PBXProject section */

/* Begin PBXResourcesBuildPhase section */
		7BDABB192986E72B00D35658 /* Resources */ = {
			isa = PBXResourcesBuildPhase;
			buildActionMask = 2147483647;
			files = (
				7BDABB262986E72E00D35658 /* Preview Assets.xcassets in Resources */,
				7BDABB232986E72E00D35658 /* Assets.xcassets in Resources */,
			);
			runOnlyForDeploymentPostprocessing = 0;
		};
		7BDABB2E2986E72E00D35658 /* Resources */ = {
			isa = PBXResourcesBuildPhase;
			buildActionMask = 2147483647;
			files = (
			);
			runOnlyForDeploymentPostprocessing = 0;
		};
		7BDABB382986E72E00D35658 /* Resources */ = {
			isa = PBXResourcesBuildPhase;
			buildActionMask = 2147483647;
			files = (
			);
			runOnlyForDeploymentPostprocessing = 0;
		};
/* End PBXResourcesBuildPhase section */

/* Begin PBXSourcesBuildPhase section */
		7BDABB172986E72B00D35658 /* Sources */ = {
			isa = PBXSourcesBuildPhase;
			buildActionMask = 2147483647;
			files = (
				7BDABB282986E72E00D35658 /* Persistence.swift in Sources */,
				7BDABB4F2986E77F00D35658 /* OTPVerificationView.swift in Sources */,
				7BDABB2B2986E72E00D35658 /* OTPTextField.xcdatamodeld in Sources */,
				7BDABB212986E72B00D35658 /* ContentView.swift in Sources */,
				7BDABB1F2986E72B00D35658 /* OTPTextFieldApp.swift in Sources */,
			);
			runOnlyForDeploymentPostprocessing = 0;
		};
		7BDABB2C2986E72E00D35658 /* Sources */ = {
			isa = PBXSourcesBuildPhase;
			buildActionMask = 2147483647;
			files = (
				7BDABB352986E72E00D35658 /* OTPTextFieldTests.swift in Sources */,
			);
			runOnlyForDeploymentPostprocessing = 0;
		};
		7BDABB362986E72E00D35658 /* Sources */ = {
			isa = PBXSourcesBuildPhase;
			buildActionMask = 2147483647;
			files = (
				7BDABB412986E72E00D35658 /* OTPTextFieldUITestsLaunchTests.swift in Sources */,
				7BDABB3F2986E72E00D35658 /* OTPTextFieldUITests.swift in Sources */,
			);
			runOnlyForDeploymentPostprocessing = 0;
		};
/* End PBXSourcesBuildPhase section */

/* Begin PBXTargetDependency section */
		7BDABB322986E72E00D35658 /* PBXTargetDependency */ = {
			isa = PBXTargetDependency;
			target = 7BDABB1A2986E72B00D35658 /* OTPTextField */;
			targetProxy = 7BDABB312986E72E00D35658 /* PBXContainerItemProxy */;
		};
		7BDABB3C2986E72E00D35658 /* PBXTargetDependency */ = {
			isa = PBXTargetDependency;
			target = 7BDABB1A2986E72B00D35658 /* OTPTextField */;
			targetProxy = 7BDABB3B2986E72E00D35658 /* PBXContainerItemProxy */;
		};
/* End PBXTargetDependency section */

/* Begin XCBuildConfiguration section */
		7BDABB422986E72E00D35658 /* Debug */ = {
			isa = XCBuildConfiguration;
			buildSettings = {
				ALWAYS_SEARCH_USER_PATHS = NO;
				CLANG_ANALYZER_NONNULL = YES;
				CLANG_ANALYZER_NUMBER_OBJECT_CONVERSION = YES_AGGRESSIVE;
				CLANG_CXX_LANGUAGE_STANDARD = "gnu++20";
				CLANG_ENABLE_MODULES = YES;
				CLANG_ENABLE_OBJC_ARC = YES;
				CLANG_ENABLE_OBJC_WEAK = YES;
				CLANG_WARN_BLOCK_CAPTURE_AUTORELEASING = YES;
				CLANG_WARN_BOOL_CONVERSION = YES;
				CLANG_WARN_COMMA = YES;
				CLANG_WARN_CONSTANT_CONVERSION = YES;
				CLANG_WARN_DEPRECATED_OBJC_IMPLEMENTATIONS = YES;
				CLANG_WARN_DIRECT_OBJC_ISA_USAGE = YES_ERROR;
				CLANG_WARN_DOCUMENTATION_COMMENTS = YES;
				CLANG_WARN_EMPTY_BODY = YES;
				CLANG_WARN_ENUM_CONVERSION = YES;
				CLANG_WARN_INFINITE_RECURSION = YES;
				CLANG_WARN_INT_CONVERSION = YES;
				CLANG_WARN_NON_LITERAL_NULL_CONVERSION = YES;
				CLANG_WARN_OBJC_IMPLICIT_RETAIN_SELF = YES;
				CLANG_WARN_OBJC_LITERAL_CONVERSION = YES;
				CLANG_WARN_OBJC_ROOT_CLASS = YES_ERROR;
				CLANG_WARN_QUOTED_INCLUDE_IN_FRAMEWORK_HEADER = YES;
				CLANG_WARN_RANGE_LOOP_ANALYSIS = YES;
				CLANG_WARN_STRICT_PROTOTYPES = YES;
				CLANG_WARN_SUSPICIOUS_MOVE = YES;
				CLANG_WARN_UNGUARDED_AVAILABILITY = YES_AGGRESSIVE;
				CLANG_WARN_UNREACHABLE_CODE = YES;
				CLANG_WARN__DUPLICATE_METHOD_MATCH = YES;
				COPY_PHASE_STRIP = NO;
				DEBUG_INFORMATION_FORMAT = dwarf;
				ENABLE_STRICT_OBJC_MSGSEND = YES;
				ENABLE_TESTABILITY = YES;
				GCC_C_LANGUAGE_STANDARD = gnu11;
				GCC_DYNAMIC_NO_PIC = NO;
				GCC_NO_COMMON_BLOCKS = YES;
				GCC_OPTIMIZATION_LEVEL = 0;
				GCC_PREPROCESSOR_DEFINITIONS = (
					"DEBUG=1",
					"$(inherited)",
				);
				GCC_WARN_64_TO_32_BIT_CONVERSION = YES;
				GCC_WARN_ABOUT_RETURN_TYPE = YES_ERROR;
				GCC_WARN_UNDECLARED_SELECTOR = YES;
				GCC_WARN_UNINITIALIZED_AUTOS = YES_AGGRESSIVE;
				GCC_WARN_UNUSED_FUNCTION = YES;
				GCC_WARN_UNUSED_VARIABLE = YES;
				IPHONEOS_DEPLOYMENT_TARGET = 16.2;
				MTL_ENABLE_DEBUG_INFO = INCLUDE_SOURCE;
				MTL_FAST_MATH = YES;
				ONLY_ACTIVE_ARCH = YES;
				SDKROOT = iphoneos;
				SWIFT_ACTIVE_COMPILATION_CONDITIONS = DEBUG;
				SWIFT_OPTIMIZATION_LEVEL = "-Onone";
			};
			name = Debug;
		};
		7BDABB432986E72E00D35658 /* Release */ = {
			isa = XCBuildConfiguration;
			buildSettings = {
				ALWAYS_SEARCH_USER_PATHS = NO;
				CLANG_ANALYZER_NONNULL = YES;
				CLANG_ANALYZER_NUMBER_OBJECT_CONVERSION = YES_AGGRESSIVE;
				CLANG_CXX_LANGUAGE_STANDARD = "gnu++20";
				CLANG_ENABLE_MODULES = YES;
				CLANG_ENABLE_OBJC_ARC = YES;
				CLANG_ENABLE_OBJC_WEAK = YES;
				CLANG_WARN_BLOCK_CAPTURE_AUTORELEASING = YES;
				CLANG_WARN_BOOL_CONVERSION = YES;
				CLANG_WARN_COMMA = YES;
				CLANG_WARN_CONSTANT_CONVERSION = YES;
				CLANG_WARN_DEPRECATED_OBJC_IMPLEMENTATIONS = YES;
				CLANG_WARN_DIRECT_OBJC_ISA_USAGE = YES_ERROR;
				CLANG_WARN_DOCUMENTATION_COMMENTS = YES;
				CLANG_WARN_EMPTY_BODY = YES;
				CLANG_WARN_ENUM_CONVERSION = YES;
				CLANG_WARN_INFINITE_RECURSION = YES;
				CLANG_WARN_INT_CONVERSION = YES;
				CLANG_WARN_NON_LITERAL_NULL_CONVERSION = YES;
				CLANG_WARN_OBJC_IMPLICIT_RETAIN_SELF = YES;
				CLANG_WARN_OBJC_LITERAL_CONVERSION = YES;
				CLANG_WARN_OBJC_ROOT_CLASS = YES_ERROR;
				CLANG_WARN_QUOTED_INCLUDE_IN_FRAMEWORK_HEADER = YES;
				CLANG_WARN_RANGE_LOOP_ANALYSIS = YES;
				CLANG_WARN_STRICT_PROTOTYPES = YES;
				CLANG_WARN_SUSPICIOUS_MOVE = YES;
				CLANG_WARN_UNGUARDED_AVAILABILITY = YES_AGGRESSIVE;
				CLANG_WARN_UNREACHABLE_CODE = YES;
				CLANG_WARN__DUPLICATE_METHOD_MATCH = YES;
				COPY_PHASE_STRIP = NO;
				DEBUG_INFORMATION_FORMAT = "dwarf-with-dsym";
				ENABLE_NS_ASSERTIONS = NO;
				ENABLE_STRICT_OBJC_MSGSEND = YES;
				GCC_C_LANGUAGE_STANDARD = gnu11;
				GCC_NO_COMMON_BLOCKS = YES;
				GCC_WARN_64_TO_32_BIT_CONVERSION = YES;
				GCC_WARN_ABOUT_RETURN_TYPE = YES_ERROR;
				GCC_WARN_UNDECLARED_SELECTOR = YES;
				GCC_WARN_UNINITIALIZED_AUTOS = YES_AGGRESSIVE;
				GCC_WARN_UNUSED_FUNCTION = YES;
				GCC_WARN_UNUSED_VARIABLE = YES;
				IPHONEOS_DEPLOYMENT_TARGET = 16.2;
				MTL_ENABLE_DEBUG_INFO = NO;
				MTL_FAST_MATH = YES;
				SDKROOT = iphoneos;
				SWIFT_COMPILATION_MODE = wholemodule;
				SWIFT_OPTIMIZATION_LEVEL = "-O";
				VALIDATE_PRODUCT = YES;
			};
			name = Release;
		};
		7BDABB452986E72E00D35658 /* Debug */ = {
			isa = XCBuildConfiguration;
			buildSettings = {
				ASSETCATALOG_COMPILER_APPICON_NAME = AppIcon;
				ASSETCATALOG_COMPILER_GLOBAL_ACCENT_COLOR_NAME = AccentColor;
				CODE_SIGN_STYLE = Automatic;
				CURRENT_PROJECT_VERSION = 1;
				DEVELOPMENT_ASSET_PATHS = "\"OTPTextField/Preview Content\"";
				DEVELOPMENT_TEAM = XRR5P3RD3X;
				ENABLE_PREVIEWS = YES;
				GENERATE_INFOPLIST_FILE = YES;
				INFOPLIST_KEY_UIApplicationSceneManifest_Generation = YES;
				INFOPLIST_KEY_UIApplicationSupportsIndirectInputEvents = YES;
				INFOPLIST_KEY_UILaunchScreen_Generation = YES;
				INFOPLIST_KEY_UISupportedInterfaceOrientations_iPad = "UIInterfaceOrientationPortrait UIInterfaceOrientationPortraitUpsideDown UIInterfaceOrientationLandscapeLeft UIInterfaceOrientationLandscapeRight";
				INFOPLIST_KEY_UISupportedInterfaceOrientations_iPhone = "UIInterfaceOrientationPortrait UIInterfaceOrientationLandscapeLeft UIInterfaceOrientationLandscapeRight";
				LD_RUNPATH_SEARCH_PATHS = (
					"$(inherited)",
					"@executable_path/Frameworks",
				);
				MARKETING_VERSION = 1.0;
				PRODUCT_BUNDLE_IDENTIFIER = abdullahkaraboga.OTPTextField;
				PRODUCT_NAME = "$(TARGET_NAME)";
				SWIFT_EMIT_LOC_STRINGS = YES;
				SWIFT_VERSION = 5.0;
				TARGETED_DEVICE_FAMILY = "1,2";
			};
			name = Debug;
		};
		7BDABB462986E72E00D35658 /* Release */ = {
			isa = XCBuildConfiguration;
			buildSettings = {
				ASSETCATALOG_COMPILER_APPICON_NAME = AppIcon;
				ASSETCATALOG_COMPILER_GLOBAL_ACCENT_COLOR_NAME = AccentColor;
				CODE_SIGN_STYLE = Automatic;
				CURRENT_PROJECT_VERSION = 1;
				DEVELOPMENT_ASSET_PATHS = "\"OTPTextField/Preview Content\"";
				DEVELOPMENT_TEAM = XRR5P3RD3X;
				ENABLE_PREVIEWS = YES;
				GENERATE_INFOPLIST_FILE = YES;
				INFOPLIST_KEY_UIApplicationSceneManifest_Generation = YES;
				INFOPLIST_KEY_UIApplicationSupportsIndirectInputEvents = YES;
				INFOPLIST_KEY_UILaunchScreen_Generation = YES;
				INFOPLIST_KEY_UISupportedInterfaceOrientations_iPad = "UIInterfaceOrientationPortrait UIInterfaceOrientationPortraitUpsideDown UIInterfaceOrientationLandscapeLeft UIInterfaceOrientationLandscapeRight";
				INFOPLIST_KEY_UISupportedInterfaceOrientations_iPhone = "UIInterfaceOrientationPortrait UIInterfaceOrientationLandscapeLeft UIInterfaceOrientationLandscapeRight";
				LD_RUNPATH_SEARCH_PATHS = (
					"$(inherited)",
					"@executable_path/Frameworks",
				);
				MARKETING_VERSION = 1.0;
				PRODUCT_BUNDLE_IDENTIFIER = abdullahkaraboga.OTPTextField;
				PRODUCT_NAME = "$(TARGET_NAME)";
				SWIFT_EMIT_LOC_STRINGS = YES;
				SWIFT_VERSION = 5.0;
				TARGETED_DEVICE_FAMILY = "1,2";
			};
			name = Release;
		};
		7BDABB482986E72E00D35658 /* Debug */ = {
			isa = XCBuildConfiguration;
			buildSettings = {
				ALWAYS_EMBED_SWIFT_STANDARD_LIBRARIES = YES;
				BUNDLE_LOADER = "$(TEST_HOST)";
				CODE_SIGN_STYLE = Automatic;
				CURRENT_PROJECT_VERSION = 1;
				DEVELOPMENT_TEAM = XRR5P3RD3X;
				GENERATE_INFOPLIST_FILE = YES;
				IPHONEOS_DEPLOYMENT_TARGET = 16.2;
				MARKETING_VERSION = 1.0;
				PRODUCT_BUNDLE_IDENTIFIER = abdullahkaraboga.OTPTextFieldTests;
				PRODUCT_NAME = "$(TARGET_NAME)";
				SWIFT_EMIT_LOC_STRINGS = NO;
				SWIFT_VERSION = 5.0;
				TARGETED_DEVICE_FAMILY = "1,2";
				TEST_HOST = "$(BUILT_PRODUCTS_DIR)/OTPTextField.app/$(BUNDLE_EXECUTABLE_FOLDER_PATH)/OTPTextField";
			};
			name = Debug;
		};
		7BDABB492986E72E00D35658 /* Release */ = {
			isa = XCBuildConfiguration;
			buildSettings = {
				ALWAYS_EMBED_SWIFT_STANDARD_LIBRARIES = YES;
				BUNDLE_LOADER = "$(TEST_HOST)";
				CODE_SIGN_STYLE = Automatic;
				CURRENT_PROJECT_VERSION = 1;
				DEVELOPMENT_TEAM = XRR5P3RD3X;
				GENERATE_INFOPLIST_FILE = YES;
				IPHONEOS_DEPLOYMENT_TARGET = 16.2;
				MARKETING_VERSION = 1.0;
				PRODUCT_BUNDLE_IDENTIFIER = abdullahkaraboga.OTPTextFieldTests;
				PRODUCT_NAME = "$(TARGET_NAME)";
				SWIFT_EMIT_LOC_STRINGS = NO;
				SWIFT_VERSION = 5.0;
				TARGETED_DEVICE_FAMILY = "1,2";
				TEST_HOST = "$(BUILT_PRODUCTS_DIR)/OTPTextField.app/$(BUNDLE_EXECUTABLE_FOLDER_PATH)/OTPTextField";
			};
			name = Release;
		};
		7BDABB4B2986E72E00D35658 /* Debug */ = {
			isa = XCBuildConfiguration;
			buildSettings = {
				ALWAYS_EMBED_SWIFT_STANDARD_LIBRARIES = YES;
				CODE_SIGN_STYLE = Automatic;
				CURRENT_PROJECT_VERSION = 1;
				DEVELOPMENT_TEAM = XRR5P3RD3X;
				GENERATE_INFOPLIST_FILE = YES;
				MARKETING_VERSION = 1.0;
				PRODUCT_BUNDLE_IDENTIFIER = abdullahkaraboga.OTPTextFieldUITests;
				PRODUCT_NAME = "$(TARGET_NAME)";
				SWIFT_EMIT_LOC_STRINGS = NO;
				SWIFT_VERSION = 5.0;
				TARGETED_DEVICE_FAMILY = "1,2";
				TEST_TARGET_NAME = OTPTextField;
			};
			name = Debug;
		};
		7BDABB4C2986E72E00D35658 /* Release */ = {
			isa = XCBuildConfiguration;
			buildSettings = {
				ALWAYS_EMBED_SWIFT_STANDARD_LIBRARIES = YES;
				CODE_SIGN_STYLE = Automatic;
				CURRENT_PROJECT_VERSION = 1;
				DEVELOPMENT_TEAM = XRR5P3RD3X;
				GENERATE_INFOPLIST_FILE = YES;
				MARKETING_VERSION = 1.0;
				PRODUCT_BUNDLE_IDENTIFIER = abdullahkaraboga.OTPTextFieldUITests;
				PRODUCT_NAME = "$(TARGET_NAME)";
				SWIFT_EMIT_LOC_STRINGS = NO;
				SWIFT_VERSION = 5.0;
				TARGETED_DEVICE_FAMILY = "1,2";
				TEST_TARGET_NAME = OTPTextField;
			};
			name = Release;
		};
/* End XCBuildConfiguration section */

/* Begin XCConfigurationList section */
		7BDABB162986E72B00D35658 /* Build configuration list for PBXProject "OTPTextField" */ = {
			isa = XCConfigurationList;
			buildConfigurations = (
				7BDABB422986E72E00D35658 /* Debug */,
				7BDABB432986E72E00D35658 /* Release */,
			);
			defaultConfigurationIsVisible = 0;
			defaultConfigurationName = Release;
		};
		7BDABB442986E72E00D35658 /* Build configuration list for PBXNativeTarget "OTPTextField" */ = {
			isa = XCConfigurationList;
			buildConfigurations = (
				7BDABB452986E72E00D35658 /* Debug */,
				7BDABB462986E72E00D35658 /* Release */,
			);
			defaultConfigurationIsVisible = 0;
			defaultConfigurationName = Release;
		};
		7BDABB472986E72E00D35658 /* Build configuration list for PBXNativeTarget "OTPTextFieldTests" */ = {
			isa = XCConfigurationList;
			buildConfigurations = (
				7BDABB482986E72E00D35658 /* Debug */,
				7BDABB492986E72E00D35658 /* Release */,
			);
			defaultConfigurationIsVisible = 0;
			defaultConfigurationName = Release;
		};
		7BDABB4A2986E72E00D35658 /* Build configuration list for PBXNativeTarget "OTPTextFieldUITests" */ = {
			isa = XCConfigurationList;
			buildConfigurations = (
				7BDABB4B2986E72E00D35658 /* Debug */,
				7BDABB4C2986E72E00D35658 /* Release */,
			);
			defaultConfigurationIsVisible = 0;
			defaultConfigurationName = Release;
		};
/* End XCConfigurationList section */

/* Begin XCVersionGroup section */
		7BDABB292986E72E00D35658 /* OTPTextField.xcdatamodeld */ = {
			isa = XCVersionGroup;
			children = (
				7BDABB2A2986E72E00D35658 /* OTPTextField.xcdatamodel */,
			);
			currentVersion = 7BDABB2A2986E72E00D35658 /* OTPTextField.xcdatamodel */;
			path = OTPTextField.xcdatamodeld;
			sourceTree = "<group>";
			versionGroupType = wrapper.xcdatamodel;
		};
/* End XCVersionGroup section */
	};
	rootObject = 7BDABB132986E72B00D35658 /* Project object */;
}
